
Microsoft Visual Studio Solution File, Format Version 12.00
Project("{FAE04EC0-301F-11D3-BF4B-00C04F79EFBC}") = "CryTraCtor.API", "src\CryTraCtor.API\CryTraCtor.API.csproj", "{F53877B3-2727-4567-902D-589FB3CDEE0B}"
EndProject
Project("{2150E333-8FDC-42A3-9474-1A3956D46DE8}") = "Solution Items", "Solution Items", "{3B023A1B-1705-45FC-9560-338F321377F7}"
	ProjectSection(SolutionItems) = preProject
		docker-compose.yml = docker-compose.yml
		README.md = README.md
		.dockerignore = .dockerignore
		.env.example = .env.example
		.gitignore = .gitignore
		LICENSE = LICENSE
		scripts\migrate.sh = scripts\migrate.sh
		.gitattributes = .gitattributes
	EndProjectSection
EndProject
Project("{FAE04EC0-301F-11D3-BF4B-00C04F79EFBC}") = "CryTraCtor.Database", "src\CryTraCtor.Database\CryTraCtor.Database.csproj", "{38566A4F-1F13-4B33-8A9A-B24637A20715}"
EndProject
Project("{FAE04EC0-301F-11D3-BF4B-00C04F79EFBC}") = "CryTraCtor.Business", "src\CryTraCtor.Business\CryTraCtor.Business.csproj", "{43199C63-C5C8-47B9-9DEF-4AC30F773237}"
EndProject
Project("{FAE04EC0-301F-11D3-BF4B-00C04F79EFBC}") = "CryTraCtor.Packet", "src\CryTraCtor.Packet\CryTraCtor.Packet.csproj", "{6D159BC3-BC28-4172-A5CC-F8F290100649}"
EndProject
Project("{FAE04EC0-301F-11D3-BF4B-00C04F79EFBC}") = "CryTraCtor.Common", "src\CryTraCtor.Common\CryTraCtor.Common.csproj", "{D12DA457-3ECB-4985-9E4F-2176C20BD1ED}"
EndProject
Project("{FAE04EC0-301F-11D3-BF4B-00C04F79EFBC}") = "CryTraCtor.WebApp", "src\CryTraCtor.WebApp\CryTraCtor.WebApp.csproj", "{11CC2986-67BD-45BE-9147-87D00E399C78}"
EndProject
Global
	GlobalSection(SolutionConfigurationPlatforms) = preSolution
		Debug|Any CPU = Debug|Any CPU
		Release|Any CPU = Release|Any CPU
	EndGlobalSection
	GlobalSection(ProjectConfigurationPlatforms) = postSolution
		{F53877B3-2727-4567-902D-589FB3CDEE0B}.Debug|Any CPU.ActiveCfg = Debug|Any CPU
		{F53877B3-2727-4567-902D-589FB3CDEE0B}.Debug|Any CPU.Build.0 = Debug|Any CPU
		{F53877B3-2727-4567-902D-589FB3CDEE0B}.Release|Any CPU.ActiveCfg = Release|Any CPU
		{F53877B3-2727-4567-902D-589FB3CDEE0B}.Release|Any CPU.Build.0 = Release|Any CPU
		{38566A4F-1F13-4B33-8A9A-B24637A20715}.Debug|Any CPU.ActiveCfg = Debug|Any CPU
		{38566A4F-1F13-4B33-8A9A-B24637A20715}.Debug|Any CPU.Build.0 = Debug|Any CPU
		{38566A4F-1F13-4B33-8A9A-B24637A20715}.Release|Any CPU.ActiveCfg = Release|Any CPU
		{38566A4F-1F13-4B33-8A9A-B24637A20715}.Release|Any CPU.Build.0 = Release|Any CPU
		{43199C63-C5C8-47B9-9DEF-4AC30F773237}.Debug|Any CPU.ActiveCfg = Debug|Any CPU
		{43199C63-C5C8-47B9-9DEF-4AC30F773237}.Debug|Any CPU.Build.0 = Debug|Any CPU
		{43199C63-C5C8-47B9-9DEF-4AC30F773237}.Release|Any CPU.ActiveCfg = Release|Any CPU
		{43199C63-C5C8-47B9-9DEF-4AC30F773237}.Release|Any CPU.Build.0 = Release|Any CPU
		{6D159BC3-BC28-4172-A5CC-F8F290100649}.Debug|Any CPU.ActiveCfg = Debug|Any CPU
		{6D159BC3-BC28-4172-A5CC-F8F290100649}.Debug|Any CPU.Build.0 = Debug|Any CPU
		{6D159BC3-BC28-4172-A5CC-F8F290100649}.Release|Any CPU.ActiveCfg = Release|Any CPU
		{6D159BC3-BC28-4172-A5CC-F8F290100649}.Release|Any CPU.Build.0 = Release|Any CPU
		{D12DA457-3ECB-4985-9E4F-2176C20BD1ED}.Debug|Any CPU.ActiveCfg = Debug|Any CPU
		{D12DA457-3ECB-4985-9E4F-2176C20BD1ED}.Debug|Any CPU.Build.0 = Debug|Any CPU
		{D12DA457-3ECB-4985-9E4F-2176C20BD1ED}.Release|Any CPU.ActiveCfg = Release|Any CPU
		{D12DA457-3ECB-4985-9E4F-2176C20BD1ED}.Release|Any CPU.Build.0 = Release|Any CPU
		{11CC2986-67BD-45BE-9147-87D00E399C78}.Debug|Any CPU.ActiveCfg = Debug|Any CPU
		{11CC2986-67BD-45BE-9147-87D00E399C78}.Debug|Any CPU.Build.0 = Debug|Any CPU
		{11CC2986-67BD-45BE-9147-87D00E399C78}.Release|Any CPU.ActiveCfg = Release|Any CPU
		{11CC2986-67BD-45BE-9147-87D00E399C78}.Release|Any CPU.Build.0 = Release|Any CPU
	EndGlobalSection
	GlobalSection(NestedProjects) = preSolution
	EndGlobalSection
EndGlobal
